// !$*UTF8*$!
{
	archiveVersion = 1;
	classes = {
	};
	objectVersion = 50;
	objects = {

/* Begin PBXBuildFile section */
		4A8E8F258FCA0F549910B349 /* Pods_HavaHava.framework in Frameworks */ = {isa = PBXBuildFile; fileRef = CC965CDE8DAF3FE3A3E1BCC4 /* Pods_HavaHava.framework */; };
		FC02890D20FAAA8800D3BF35 /* Assets.xcassets in Resources */ = {isa = PBXBuildFile; fileRef = FC02890C20FAAA8800D3BF35 /* Assets.xcassets */; };
		FC04DB022103DA4500D04E73 /* Connections.swift in Sources */ = {isa = PBXBuildFile; fileRef = FC04DB012103DA4500D04E73 /* Connections.swift */; };
		FC865B3E20CDD9A60003101E /* AppDelegate.swift in Sources */ = {isa = PBXBuildFile; fileRef = FC865B3D20CDD9A60003101E /* AppDelegate.swift */; };
		FC865B4320CDD9A60003101E /* Main.storyboard in Resources */ = {isa = PBXBuildFile; fileRef = FC865B4120CDD9A60003101E /* Main.storyboard */; };
		FC865B4820CDD9A80003101E /* LaunchScreen.storyboard in Resources */ = {isa = PBXBuildFile; fileRef = FC865B4620CDD9A80003101E /* LaunchScreen.storyboard */; };
		FC949BC020CF487300085590 /* MainScreen.swift in Sources */ = {isa = PBXBuildFile; fileRef = FC949BBF20CF487300085590 /* MainScreen.swift */; };
/* End PBXBuildFile section */

/* Begin PBXFileReference section */
		761CD0CE5CF24B2064685913 /* Pods-HavaHava.debug.xcconfig */ = {isa = PBXFileReference; includeInIndex = 1; lastKnownFileType = text.xcconfig; name = "Pods-HavaHava.debug.xcconfig"; path = "Pods/Target Support Files/Pods-HavaHava/Pods-HavaHava.debug.xcconfig"; sourceTree = "<group>"; };
		AF3E1DF73A8F0BA2A0D4ADC7 /* Pods-HavaHava.release.xcconfig */ = {isa = PBXFileReference; includeInIndex = 1; lastKnownFileType = text.xcconfig; name = "Pods-HavaHava.release.xcconfig"; path = "Pods/Target Support Files/Pods-HavaHava/Pods-HavaHava.release.xcconfig"; sourceTree = "<group>"; };
		CC965CDE8DAF3FE3A3E1BCC4 /* Pods_HavaHava.framework */ = {isa = PBXFileReference; explicitFileType = wrapper.framework; includeInIndex = 0; path = Pods_HavaHava.framework; sourceTree = BUILT_PRODUCTS_DIR; };
		FC02890C20FAAA8800D3BF35 /* Assets.xcassets */ = {isa = PBXFileReference; lastKnownFileType = folder.assetcatalog; path = Assets.xcassets; sourceTree = "<group>"; };
		FC04DB012103DA4500D04E73 /* Connections.swift */ = {isa = PBXFileReference; lastKnownFileType = sourcecode.swift; path = Connections.swift; sourceTree = "<group>"; };
		FC865B3A20CDD9A60003101E /* HavaHava.app */ = {isa = PBXFileReference; explicitFileType = wrapper.application; includeInIndex = 0; path = HavaHava.app; sourceTree = BUILT_PRODUCTS_DIR; };
		FC865B3D20CDD9A60003101E /* AppDelegate.swift */ = {isa = PBXFileReference; lastKnownFileType = sourcecode.swift; path = AppDelegate.swift; sourceTree = "<group>"; };
		FC865B4220CDD9A60003101E /* Base */ = {isa = PBXFileReference; lastKnownFileType = file.storyboard; name = Base; path = Base.lproj/Main.storyboard; sourceTree = "<group>"; };
		FC865B4720CDD9A80003101E /* Base */ = {isa = PBXFileReference; lastKnownFileType = file.storyboard; name = Base; path = Base.lproj/LaunchScreen.storyboard; sourceTree = "<group>"; };
		FC865B4920CDD9A80003101E /* Info.plist */ = {isa = PBXFileReference; lastKnownFileType = text.plist.xml; path = Info.plist; sourceTree = "<group>"; };
		FC949BBF20CF487300085590 /* MainScreen.swift */ = {isa = PBXFileReference; fileEncoding = 4; lastKnownFileType = sourcecode.swift; path = MainScreen.swift; sourceTree = "<group>"; };
/* End PBXFileReference section */

/* Begin PBXFrameworksBuildPhase section */
		FC865B3720CDD9A60003101E /* Frameworks */ = {
			isa = PBXFrameworksBuildPhase;
			buildActionMask = 2147483647;
			files = (
				4A8E8F258FCA0F549910B349 /* Pods_HavaHava.framework in Frameworks */,
			);
			runOnlyForDeploymentPostprocessing = 0;
		};
/* End PBXFrameworksBuildPhase section */

/* Begin PBXGroup section */
		594883EA8F0B2EB1B03C2282 /* Pods */ = {
			isa = PBXGroup;
			children = (
				761CD0CE5CF24B2064685913 /* Pods-HavaHava.debug.xcconfig */,
				AF3E1DF73A8F0BA2A0D4ADC7 /* Pods-HavaHava.release.xcconfig */,
			);
			name = Pods;
			sourceTree = "<group>";
		};
		D610AA8C5B3081908BF86D92 /* Frameworks */ = {
			isa = PBXGroup;
			children = (
				CC965CDE8DAF3FE3A3E1BCC4 /* Pods_HavaHava.framework */,
			);
			name = Frameworks;
			sourceTree = "<group>";
		};
		FC02890920F8232100D3BF35 /* Model */ = {
			isa = PBXGroup;
			children = (
				FC04DB012103DA4500D04E73 /* Connections.swift */,
			);
			path = Model;
			sourceTree = "<group>";
		};
		FC02890A20F8233600D3BF35 /* Controller */ = {
			isa = PBXGroup;
			children = (
				FC949BBF20CF487300085590 /* MainScreen.swift */,
			);
			path = Controller;
			sourceTree = "<group>";
		};
		FC02890B20F8234100D3BF35 /* View */ = {
			isa = PBXGroup;
			children = (
				FC865B4120CDD9A60003101E /* Main.storyboard */,
			);
			path = View;
			sourceTree = "<group>";
		};
		FC865B3120CDD9A60003101E = {
			isa = PBXGroup;
			children = (
				FC865B3C20CDD9A60003101E /* HavaHava */,
				FC865B3B20CDD9A60003101E /* Products */,
				594883EA8F0B2EB1B03C2282 /* Pods */,
				D610AA8C5B3081908BF86D92 /* Frameworks */,
			);
			sourceTree = "<group>";
		};
		FC865B3B20CDD9A60003101E /* Products */ = {
			isa = PBXGroup;
			children = (
				FC865B3A20CDD9A60003101E /* HavaHava.app */,
			);
			name = Products;
			sourceTree = "<group>";
		};
		FC865B3C20CDD9A60003101E /* HavaHava */ = {
			isa = PBXGroup;
			children = (
				FC865B3D20CDD9A60003101E /* AppDelegate.swift */,
				FC02890920F8232100D3BF35 /* Model */,
				FC02890A20F8233600D3BF35 /* Controller */,
				FC02890B20F8234100D3BF35 /* View */,
				FC865B4620CDD9A80003101E /* LaunchScreen.storyboard */,
				FC02890C20FAAA8800D3BF35 /* Assets.xcassets */,
				FC865B4920CDD9A80003101E /* Info.plist */,
			);
			path = HavaHava;
			sourceTree = "<group>";
		};
/* End PBXGroup section */

/* Begin PBXNativeTarget section */
		FC865B3920CDD9A60003101E /* HavaHava */ = {
			isa = PBXNativeTarget;
			buildConfigurationList = FC865B4C20CDD9A80003101E /* Build configuration list for PBXNativeTarget "HavaHava" */;
			buildPhases = (
				D9B7AC6A1BFB23908E135EFD /* [CP] Check Pods Manifest.lock */,
				FC865B3620CDD9A60003101E /* Sources */,
				FC865B3720CDD9A60003101E /* Frameworks */,
				FC865B3820CDD9A60003101E /* Resources */,
				A2D2773BF9C703D70473A94B /* [CP] Embed Pods Frameworks */,
				ACE4B003773DB2E3C181C138 /* [CP] Copy Pods Resources */,
			);
			buildRules = (
			);
			dependencies = (
			);
			name = HavaHava;
			productName = HavaHava;
			productReference = FC865B3A20CDD9A60003101E /* HavaHava.app */;
			productType = "com.apple.product-type.application";
		};
/* End PBXNativeTarget section */

/* Begin PBXProject section */
		FC865B3220CDD9A60003101E /* Project object */ = {
			isa = PBXProject;
			attributes = {
				LastSwiftUpdateCheck = 0940;
				LastUpgradeCheck = 0940;
				ORGANIZATIONNAME = "Mert Gürcan";
				TargetAttributes = {
					FC865B3920CDD9A60003101E = {
						CreatedOnToolsVersion = 9.4;
					};
				};
			};
			buildConfigurationList = FC865B3520CDD9A60003101E /* Build configuration list for PBXProject "HavaHava" */;
			compatibilityVersion = "Xcode 9.3";
			developmentRegion = en;
			hasScannedForEncodings = 0;
			knownRegions = (
				en,
				Base,
			);
			mainGroup = FC865B3120CDD9A60003101E;
			productRefGroup = FC865B3B20CDD9A60003101E /* Products */;
			projectDirPath = "";
			projectRoot = "";
			targets = (
				FC865B3920CDD9A60003101E /* HavaHava */,
			);
		};
/* End PBXProject section */

/* Begin PBXResourcesBuildPhase section */
		FC865B3820CDD9A60003101E /* Resources */ = {
			isa = PBXResourcesBuildPhase;
			buildActionMask = 2147483647;
			files = (
				FC865B4820CDD9A80003101E /* LaunchScreen.storyboard in Resources */,
				FC02890D20FAAA8800D3BF35 /* Assets.xcassets in Resources */,
				FC865B4320CDD9A60003101E /* Main.storyboard in Resources */,
			);
			runOnlyForDeploymentPostprocessing = 0;
		};
/* End PBXResourcesBuildPhase section */

/* Begin PBXShellScriptBuildPhase section */
		A2D2773BF9C703D70473A94B /* [CP] Embed Pods Frameworks */ = {
			isa = PBXShellScriptBuildPhase;
			buildActionMask = 2147483647;
			files = (
			);
			inputPaths = (
				"${SRCROOT}/Pods/Target Support Files/Pods-HavaHava/Pods-HavaHava-frameworks.sh",
				"${BUILT_PRODUCTS_DIR}/Alamofire/Alamofire.framework",
				"${BUILT_PRODUCTS_DIR}/SwiftyJSON/SwiftyJSON.framework",
			);
			name = "[CP] Embed Pods Frameworks";
			outputPaths = (
				"${TARGET_BUILD_DIR}/${FRAMEWORKS_FOLDER_PATH}/Alamofire.framework",
				"${TARGET_BUILD_DIR}/${FRAMEWORKS_FOLDER_PATH}/SwiftyJSON.framework",
			);
			runOnlyForDeploymentPostprocessing = 0;
			shellPath = /bin/sh;
			shellScript = "\"${SRCROOT}/Pods/Target Support Files/Pods-HavaHava/Pods-HavaHava-frameworks.sh\"\n";
			showEnvVarsInLog = 0;
		};
		ACE4B003773DB2E3C181C138 /* [CP] Copy Pods Resources */ = {
			isa = PBXShellScriptBuildPhase;
			buildActionMask = 2147483647;
			files = (
			);
			inputPaths = (
			);
			name = "[CP] Copy Pods Resources";
			outputPaths = (
			);
			runOnlyForDeploymentPostprocessing = 0;
			shellPath = /bin/sh;
			shellScript = "\"${SRCROOT}/Pods/Target Support Files/Pods-HavaHava/Pods-HavaHava-resources.sh\"\n";
			showEnvVarsInLog = 0;
		};
		D9B7AC6A1BFB23908E135EFD /* [CP] Check Pods Manifest.lock */ = {
			isa = PBXShellScriptBuildPhase;
			buildActionMask = 2147483647;
			files = (
			);
			inputPaths = (
				"${PODS_PODFILE_DIR_PATH}/Podfile.lock",
				"${PODS_ROOT}/Manifest.lock",
			);
			name = "[CP] Check Pods Manifest.lock";
			outputPaths = (
				"$(DERIVED_FILE_DIR)/Pods-HavaHava-checkManifestLockResult.txt",
			);
			runOnlyForDeploymentPostprocessing = 0;
			shellPath = /bin/sh;
			shellScript = "diff \"${PODS_PODFILE_DIR_PATH}/Podfile.lock\" \"${PODS_ROOT}/Manifest.lock\" > /dev/null\nif [ $? != 0 ] ; then\n    # print error to STDERR\n    echo \"error: The sandbox is not in sync with the Podfile.lock. Run 'pod install' or update your CocoaPods installation.\" >&2\n    exit 1\nfi\n# This output is used by Xcode 'outputs' to avoid re-running this script phase.\necho \"SUCCESS\" > \"${SCRIPT_OUTPUT_FILE_0}\"\n";
			showEnvVarsInLog = 0;
		};
/* End PBXShellScriptBuildPhase section */

/* Begin PBXSourcesBuildPhase section */
		FC865B3620CDD9A60003101E /* Sources */ = {
			isa = PBXSourcesBuildPhase;
			buildActionMask = 2147483647;
			files = (
				FC949BC020CF487300085590 /* MainScreen.swift in Sources */,
				FC04DB022103DA4500D04E73 /* Connections.swift in Sources */,
				FC865B3E20CDD9A60003101E /* AppDelegate.swift in Sources */,
			);
			runOnlyForDeploymentPostprocessing = 0;
		};
/* End PBXSourcesBuildPhase section */

/* Begin PBXVariantGroup section */
		FC865B4120CDD9A60003101E /* Main.storyboard */ = {
			isa = PBXVariantGroup;
			children = (
				FC865B4220CDD9A60003101E /* Base */,
			);
			name = Main.storyboard;
			sourceTree = "<group>";
		};
		FC865B4620CDD9A80003101E /* LaunchScreen.storyboard */ = {
			isa = PBXVariantGroup;
			children = (
				FC865B4720CDD9A80003101E /* Base */,
			);
			name = LaunchScreen.storyboard;
			sourceTree = "<group>";
		};
/* End PBXVariantGroup section */

/* Begin XCBuildConfiguration section */
		FC865B4A20CDD9A80003101E /* Debug */ = {
			isa = XCBuildConfiguration;
			buildSettings = {
				ALWAYS_SEARCH_USER_PATHS = NO;
				CLANG_ANALYZER_NONNULL = YES;
				CLANG_ANALYZER_NUMBER_OBJECT_CONVERSION = YES_AGGRESSIVE;
				CLANG_CXX_LANGUAGE_STANDARD = "gnu++14";
				CLANG_CXX_LIBRARY = "libc++";
				CLANG_ENABLE_MODULES = YES;
				CLANG_ENABLE_OBJC_ARC = YES;
				CLANG_ENABLE_OBJC_WEAK = YES;
				CLANG_WARN_BLOCK_CAPTURE_AUTORELEASING = YES;
				CLANG_WARN_BOOL_CONVERSION = YES;
				CLANG_WARN_COMMA = YES;
				CLANG_WARN_CONSTANT_CONVERSION = YES;
				CLANG_WARN_DEPRECATED_OBJC_IMPLEMENTATIONS = YES;
				CLANG_WARN_DIRECT_OBJC_ISA_USAGE = YES_ERROR;
				CLANG_WARN_DOCUMENTATION_COMMENTS = YES;
				CLANG_WARN_EMPTY_BODY = YES;
				CLANG_WARN_ENUM_CONVERSION = YES;
				CLANG_WARN_INFINITE_RECURSION = YES;
				CLANG_WARN_INT_CONVERSION = YES;
				CLANG_WARN_NON_LITERAL_NULL_CONVERSION = YES;
				CLANG_WARN_OBJC_IMPLICIT_RETAIN_SELF = YES;
				CLANG_WARN_OBJC_LITERAL_CONVERSION = YES;
				CLANG_WARN_OBJC_ROOT_CLASS = YES_ERROR;
				CLANG_WARN_RANGE_LOOP_ANALYSIS = YES;
				CLANG_WARN_STRICT_PROTOTYPES = YES;
				CLANG_WARN_SUSPICIOUS_MOVE = YES;
				CLANG_WARN_UNGUARDED_AVAILABILITY = YES_AGGRESSIVE;
				CLANG_WARN_UNREACHABLE_CODE = YES;
				CLANG_WARN__DUPLICATE_METHOD_MATCH = YES;
				CODE_SIGN_IDENTITY = "iPhone Developer";
				COPY_PHASE_STRIP = NO;
				DEBUG_INFORMATION_FORMAT = dwarf;
				ENABLE_STRICT_OBJC_MSGSEND = YES;
				ENABLE_TESTABILITY = YES;
				GCC_C_LANGUAGE_STANDARD = gnu11;
				GCC_DYNAMIC_NO_PIC = NO;
				GCC_NO_COMMON_BLOCKS = YES;
				GCC_OPTIMIZATION_LEVEL = 0;
				GCC_PREPROCESSOR_DEFINITIONS = (
					"DEBUG=1",
					"$(inherited)",
				);
				GCC_WARN_64_TO_32_BIT_CONVERSION = YES;
				GCC_WARN_ABOUT_RETURN_TYPE = YES_ERROR;
				GCC_WARN_UNDECLARED_SELECTOR = YES;
				GCC_WARN_UNINITIALIZED_AUTOS = YES_AGGRESSIVE;
				GCC_WARN_UNUSED_FUNCTION = YES;
				GCC_WARN_UNUSED_VARIABLE = YES;
				IPHONEOS_DEPLOYMENT_TARGET = 11.4;
				MTL_ENABLE_DEBUG_INFO = YES;
				ONLY_ACTIVE_ARCH = YES;
				SDKROOT = iphoneos;
				SWIFT_ACTIVE_COMPILATION_CONDITIONS = DEBUG;
				SWIFT_OPTIMIZATION_LEVEL = "-Onone";
			};
			name = Debug;
		};
		FC865B4B20CDD9A80003101E /* Release */ = {
			isa = XCBuildConfiguration;
			buildSettings = {
				ALWAYS_SEARCH_USER_PATHS = NO;
				CLANG_ANALYZER_NONNULL = YES;
				CLANG_ANALYZER_NUMBER_OBJECT_CONVERSION = YES_AGGRESSIVE;
				CLANG_CXX_LANGUAGE_STANDARD = "gnu++14";
				CLANG_CXX_LIBRARY = "libc++";
				CLANG_ENABLE_MODULES = YES;
				CLANG_ENABLE_OBJC_ARC = YES;
				CLANG_ENABLE_OBJC_WEAK = YES;
				CLANG_WARN_BLOCK_CAPTURE_AUTORELEASING = YES;
				CLANG_WARN_BOOL_CONVERSION = YES;
				CLANG_WARN_COMMA = YES;
				CLANG_WARN_CONSTANT_CONVERSION = YES;
				CLANG_WARN_DEPRECATED_OBJC_IMPLEMENTATIONS = YES;
				CLANG_WARN_DIRECT_OBJC_ISA_USAGE = YES_ERROR;
				CLANG_WARN_DOCUMENTATION_COMMENTS = YES;
				CLANG_WARN_EMPTY_BODY = YES;
				CLANG_WARN_ENUM_CONVERSION = YES;
				CLANG_WARN_INFINITE_RECURSION = YES;
				CLANG_WARN_INT_CONVERSION = YES;
				CLANG_WARN_NON_LITERAL_NULL_CONVERSION = YES;
				CLANG_WARN_OBJC_IMPLICIT_RETAIN_SELF = YES;
				CLANG_WARN_OBJC_LITERAL_CONVERSION = YES;
				CLANG_WARN_OBJC_ROOT_CLASS = YES_ERROR;
				CLANG_WARN_RANGE_LOOP_ANALYSIS = YES;
				CLANG_WARN_STRICT_PROTOTYPES = YES;
				CLANG_WARN_SUSPICIOUS_MOVE = YES;
				CLANG_WARN_UNGUARDED_AVAILABILITY = YES_AGGRESSIVE;
				CLANG_WARN_UNREACHABLE_CODE = YES;
				CLANG_WARN__DUPLICATE_METHOD_MATCH = YES;
				CODE_SIGN_IDENTITY = "iPhone Developer";
				COPY_PHASE_STRIP = NO;
				DEBUG_INFORMATION_FORMAT = "dwarf-with-dsym";
				ENABLE_NS_ASSERTIONS = NO;
				ENABLE_STRICT_OBJC_MSGSEND = YES;
				GCC_C_LANGUAGE_STANDARD = gnu11;
				GCC_NO_COMMON_BLOCKS = YES;
				GCC_WARN_64_TO_32_BIT_CONVERSION = YES;
				GCC_WARN_ABOUT_RETURN_TYPE = YES_ERROR;
				GCC_WARN_UNDECLARED_SELECTOR = YES;
				GCC_WARN_UNINITIALIZED_AUTOS = YES_AGGRESSIVE;
				GCC_WARN_UNUSED_FUNCTION = YES;
				GCC_WARN_UNUSED_VARIABLE = YES;
				IPHONEOS_DEPLOYMENT_TARGET = 11.4;
				MTL_ENABLE_DEBUG_INFO = NO;
				SDKROOT = iphoneos;
				SWIFT_COMPILATION_MODE = wholemodule;
				SWIFT_OPTIMIZATION_LEVEL = "-O";
				VALIDATE_PRODUCT = YES;
			};
			name = Release;
		};
		FC865B4D20CDD9A80003101E /* Debug */ = {
			isa = XCBuildConfiguration;
			baseConfigurationReference = 761CD0CE5CF24B2064685913 /* Pods-HavaHava.debug.xcconfig */;
			buildSettings = {
				ASSETCATALOG_COMPILER_APPICON_NAME = AppIcon;
				CODE_SIGN_STYLE = Automatic;
				DEVELOPMENT_TEAM = 7SCF2XB98F;
				INFOPLIST_FILE = HavaHava/Info.plist;
				LD_RUNPATH_SEARCH_PATHS = (
					"$(inherited)",
					"@executable_path/Frameworks",
				);
				PRODUCT_BUNDLE_IDENTIFIER = com.MertGurcan.HavaHava;
				PRODUCT_NAME = "$(TARGET_NAME)";
				SWIFT_VERSION = 4.0;
				TARGETED_DEVICE_FAMILY = "1,2";
			};
			name = Debug;
		};
		FC865B4E20CDD9A80003101E /* Release */ = {
			isa = XCBuildConfiguration;
			baseConfigurationReference = AF3E1DF73A8F0BA2A0D4ADC7 /* Pods-HavaHava.release.xcconfig */;
			buildSettings = {
				ASSETCATALOG_COMPILER_APPICON_NAME = AppIcon;
				CODE_SIGN_STYLE = Automatic;
				DEVELOPMENT_TEAM = 7SCF2XB98F;
				INFOPLIST_FILE = HavaHava/Info.plist;
				LD_RUNPATH_SEARCH_PATHS = (
					"$(inherited)",
					"@executable_path/Frameworks",
				);
				PRODUCT_BUNDLE_IDENTIFIER = com.MertGurcan.HavaHava;
				PRODUCT_NAME = "$(TARGET_NAME)";
				SWIFT_VERSION = 4.0;
				TARGETED_DEVICE_FAMILY = "1,2";
			};
			name = Release;
		};
/* End XCBuildConfiguration section */

/* Begin XCConfigurationList section */
		FC865B3520CDD9A60003101E /* Build configuration list for PBXProject "HavaHava" */ = {
			isa = XCConfigurationList;
			buildConfigurations = (
				FC865B4A20CDD9A80003101E /* Debug */,
				FC865B4B20CDD9A80003101E /* Release */,
			);
			defaultConfigurationIsVisible = 0;
			defaultConfigurationName = Release;
		};
		FC865B4C20CDD9A80003101E /* Build configuration list for PBXNativeTarget "HavaHava" */ = {
			isa = XCConfigurationList;
			buildConfigurations = (
				FC865B4D20CDD9A80003101E /* Debug */,
				FC865B4E20CDD9A80003101E /* Release */,
			);
			defaultConfigurationIsVisible = 0;
			defaultConfigurationName = Release;
		};
/* End XCConfigurationList section */
	};
	rootObject = FC865B3220CDD9A60003101E /* Project object */;
}
